schema: '2.0'
stages:
  data_ingestion:
    cmd: python src/data/data_ingestion.py
    deps:
    - path: src/data/data_ingestion.py
      hash: md5
      md5: ee08a4c31ae467cebbcce70b5cc5491a
      size: 3545
    params:
      params.yaml:
        data_ingestion.test_size: 0.26
    outs:
    - path: data/raw
      hash: md5
      md5: 5ccc8734987a09ff946840aaabdb3ee8.dir
      size: 827973
      nfiles: 2
  data_preprocessing:
    cmd: python src/data/data_preprocessing.py
    deps:
    - path: data/raw
      hash: md5
      md5: 5ccc8734987a09ff946840aaabdb3ee8.dir
      size: 827973
      nfiles: 2
    - path: src/data/data_preprocessing.py
      hash: md5
      md5: c1e18bf95fcc1e3d80cae9ee7c4a6383
      size: 4014
    outs:
    - path: data/interim
      hash: md5
      md5: 72edb89a96e23e428a9214b915727a4b.dir
      size: 572633
      nfiles: 2
  feature_engineering:
    cmd: python src/features/feature_engineering.py
    deps:
    - path: data/interim
      hash: md5
      md5: 72edb89a96e23e428a9214b915727a4b.dir
      size: 572633
      nfiles: 2
    - path: src/features/feature_engineering.py
      hash: md5
      md5: a8dc3fc08d7951373b844f228177a9db
      size: 3891
    params:
      params.yaml:
        feature_engineering.max_features: 2600
    outs:
    - path: data/processed
      hash: md5
      md5: b3ccff765203963f082a2f99e103493e.dir
      size: 53999716
      nfiles: 2
    - path: models/vectorizer.pkl
      hash: md5
      md5: 6ff5f0ee07d93dbd1b1c4916b036f24a
      size: 71823
  model_building:
    cmd: python src/model/model_building.py
    deps:
    - path: data/processed
      hash: md5
      md5: b3ccff765203963f082a2f99e103493e.dir
      size: 53999716
      nfiles: 2
    - path: src/model/model_building.py
      hash: md5
      md5: 809681a98d52938b43c9befd0b00a422
      size: 2373
    outs:
    - path: models/model.pkl
      hash: md5
      md5: 337a84d589cae6b321dc4a7fd21de59e
      size: 21517
  model_evaluation:
    cmd: python src/model/model_evaluation.py
    deps:
    - path: models/model.pkl
      hash: md5
      md5: 337a84d589cae6b321dc4a7fd21de59e
      size: 21517
    - path: src/model/model_evaluation.py
      hash: md5
      md5: 8a24671955a16306a6458ba77a21f4ef
      size: 5858
    outs:
    - path: reports/metrics.json
      hash: md5
      md5: f93bbb2206e4209232a42441a105bd28
      size: 145
    - path: reports/model_info.json
      hash: md5
      md5: 8502ec973b0e3b4a59db6f743696fd94
      size: 82
  model_registration:
    cmd: python src/model/model_register.py
    deps:
    - path: reports/model_info.json
      hash: md5
      md5: 8502ec973b0e3b4a59db6f743696fd94
      size: 82
    - path: src/model/model_register.py
      hash: md5
      md5: 339a8a51114b83b1520d16daa9c85969
      size: 3183
