schema: '2.0'
stages:
  data_ingestion:
    cmd: python src/data/data_ingestion.py
    deps:
    - path: src/data/data_ingestion.py
      hash: md5
      md5: ee08a4c31ae467cebbcce70b5cc5491a
      size: 3545
    params:
      params.yaml:
        data_ingestion.test_size: 0.2
    outs:
    - path: data/raw
      hash: md5
      md5: fb326d2eec197669f9638afde28356bf.dir
      size: 827973
      nfiles: 2
  data_preprocessing:
    cmd: python src/data/data_preprocessing.py
    deps:
    - path: data/raw
      hash: md5
      md5: fb326d2eec197669f9638afde28356bf.dir
      size: 827973
      nfiles: 2
    - path: src/data/data_preprocessing.py
      hash: md5
      md5: c1e18bf95fcc1e3d80cae9ee7c4a6383
      size: 4014
    outs:
    - path: data/interim
      hash: md5
      md5: c52f2290e848623bebee2a4c7bcf41e3.dir
      size: 572633
      nfiles: 2
  feature_engineering:
    cmd: python src/features/feature_engineering.py
    deps:
    - path: data/interim
      hash: md5
      md5: c52f2290e848623bebee2a4c7bcf41e3.dir
      size: 572633
      nfiles: 2
    - path: src/features/feature_engineering.py
      hash: md5
      md5: c1888aef256c204017522c2ce5fd36a0
      size: 3883
    params:
      params.yaml:
        feature_engineering.max_features: 3000
    outs:
    - path: data/processed
      hash: md5
      md5: b122296176b51db279a2fe4830722908.dir
      size: 62302916
      nfiles: 2
    - path: models/vectorizer.pkl
      hash: md5
      md5: ea956ac7e6735ccd0d668600ece5dab7
      size: 82995
  model_building:
    cmd: python src/model/model_building.py
    deps:
    - path: data/processed
      hash: md5
      md5: b122296176b51db279a2fe4830722908.dir
      size: 62302916
      nfiles: 2
    - path: src/model/model_building.py
      hash: md5
      md5: 809681a98d52938b43c9befd0b00a422
      size: 2373
    outs:
    - path: models/model.pkl
      hash: md5
      md5: b374130598d15158443c7c6798d0bfe9
      size: 24717
  model_evaluation:
    cmd: python src/model/model_evaluation.py
    deps:
    - path: models/model.pkl
      hash: md5
      md5: b374130598d15158443c7c6798d0bfe9
      size: 24717
    - path: src/model/model_evaluation.py
      hash: md5
      md5: 8a24671955a16306a6458ba77a21f4ef
      size: 5858
    outs:
    - path: reports/metrics.json
      hash: md5
      md5: 10df72fc9e3eaa4b33fbff8b60befb90
      size: 144
    - path: reports/model_info.json
      hash: md5
      md5: 343b7ae8a3d975cd705966c4a770d514
      size: 82
  model_registration:
    cmd: python src/model/model_register.py
    deps:
    - path: reports/model_info.json
      hash: md5
      md5: 343b7ae8a3d975cd705966c4a770d514
      size: 82
    - path: src/model/model_register.py
      hash: md5
      md5: 339a8a51114b83b1520d16daa9c85969
      size: 3183
